
Microsoft Visual Studio Solution File, Format Version 12.00
# Visual Studio 15
VisualStudioVersion = 15.0.27703.2042
MinimumVisualStudioVersion = 10.0.40219.1
Project("{888888A0-9F3D-457C-B088-3A5042F75D52}") = "Coursera", "Coursera.pyproj", "{634B8243-6ABC-413D-B4EB-52B6BB2CFC93}"
EndProject
Global
	GlobalSection(SolutionConfigurationPlatforms) = preSolution
		Debug|Any CPU = Debug|Any CPU
		Release|Any CPU = Release|Any CPU
	EndGlobalSection
	GlobalSection(ProjectConfigurationPlatforms) = postSolution
		{634B8243-6ABC-413D-B4EB-52B6BB2CFC93}.Debug|Any CPU.ActiveCfg = Debug|Any CPU
		{634B8243-6ABC-413D-B4EB-52B6BB2CFC93}.Release|Any CPU.ActiveCfg = Release|Any CPU
	EndGlobalSection
	GlobalSection(SolutionProperties) = preSolution
		HideSolutionNode = FALSE
	EndGlobalSection
	GlobalSection(ExtensibilityGlobals) = postSolution
		SolutionGuid = {6AD978C6-62C6-4B8C-9313-BF6043E523B1}
	EndGlobalSection
EndGlobal
